github.com/onggolt-dev/go-mod-sample v1.1.0 h1:bLpeMjM5C9L96mvwD72XNHE64l9tLPqt6w8/q4nuqrw=
github.com/onggolt-dev/go-mod-sample v1.1.0/go.mod h1:P/4WHDQPgglnRrowq/1VUahRf3i8RCBsNzlJIuxKzgQ=
github.com/onggolt-dev/go-mod-sample v1.2.0 h1:RAPi79Af9XkWZps32JR9/IJOXKz1XsLzKsgsUvU8Ciw=
github.com/onggolt-dev/go-mod-sample v1.2.0/go.mod h1:P/4WHDQPgglnRrowq/1VUahRf3i8RCBsNzlJIuxKzgQ=
github.com/onggolt-dev/go-mod-sample/v2 v2.0.0 h1:K8wMHA7Xx3jkrtgKkZM/y50i5IhiJ6x6wlQC8E4PmS8=
github.com/onggolt-dev/go-mod-sample/v2 v2.0.0/go.mod h1:mx+TavU4DSG+ULifTxymAqD0dVeYaJkmUZJUO9tWioE=
